
Microsoft Visual Studio Solution File, Format Version 12.00
# Visual Studio Version 17
VisualStudioVersion = 17.5.33414.496
MinimumVisualStudioVersion = 10.0.40219.1
Project("{FAE04EC0-301F-11D3-BF4B-00C04F79EFBC}") = "day03a", "day03a.csproj", "{BEA8B267-452A-4CC5-A221-1B05F2052E12}"
EndProject
Global
	GlobalSection(SolutionConfigurationPlatforms) = preSolution
		Debug|Any CPU = Debug|Any CPU
		Release|Any CPU = Release|Any CPU
	EndGlobalSection
	GlobalSection(ProjectConfigurationPlatforms) = postSolution
		{BEA8B267-452A-4CC5-A221-1B05F2052E12}.Debug|Any CPU.ActiveCfg = Debug|Any CPU
		{BEA8B267-452A-4CC5-A221-1B05F2052E12}.Debug|Any CPU.Build.0 = Debug|Any CPU
		{BEA8B267-452A-4CC5-A221-1B05F2052E12}.Release|Any CPU.ActiveCfg = Release|Any CPU
		{BEA8B267-452A-4CC5-A221-1B05F2052E12}.Release|Any CPU.Build.0 = Release|Any CPU
	EndGlobalSection
	GlobalSection(SolutionProperties) = preSolution
		HideSolutionNode = FALSE
	EndGlobalSection
	GlobalSection(ExtensibilityGlobals) = postSolution
		SolutionGuid = {B4645EA5-89BB-4046-B04E-C28044B2D152}
	EndGlobalSection
EndGlobal
